// !$*UTF8*$!
{
	archiveVersion = 1;
	classes = {
	};
	objectVersion = 46;
	objects = {

/* Begin PBXBuildFile section */
		37F67520BEA7AA04C824356F /* Pods_Euphoria.framework in Frameworks */ = {isa = PBXBuildFile; fileRef = A123E2C687A4DC1C22930FED /* Pods_Euphoria.framework */; };
		6D7F82F3CC0B80F47BABC954 /* Pods_EuphoriaTests.framework in Frameworks */ = {isa = PBXBuildFile; fileRef = 37E50506416EA83DF2AA0CD3 /* Pods_EuphoriaTests.framework */; };
		EB7B94570469DFA2FDE032A8 /* Pods_EuphoriaUITests.framework in Frameworks */ = {isa = PBXBuildFile; fileRef = 4CE595E281505791B2CBA2FE /* Pods_EuphoriaUITests.framework */; };
		FAC197961DB2CC43004C4C71 /* AppDelegate.swift in Sources */ = {isa = PBXBuildFile; fileRef = FAC197951DB2CC43004C4C71 /* AppDelegate.swift */; };
		FAC197981DB2CC43004C4C71 /* FirstViewController.swift in Sources */ = {isa = PBXBuildFile; fileRef = FAC197971DB2CC43004C4C71 /* FirstViewController.swift */; };
		FAC1979A1DB2CC43004C4C71 /* SecondViewController.swift in Sources */ = {isa = PBXBuildFile; fileRef = FAC197991DB2CC43004C4C71 /* SecondViewController.swift */; };
		FAC1979D1DB2CC43004C4C71 /* Main.storyboard in Resources */ = {isa = PBXBuildFile; fileRef = FAC1979B1DB2CC43004C4C71 /* Main.storyboard */; };
		FAC1979F1DB2CC43004C4C71 /* Assets.xcassets in Resources */ = {isa = PBXBuildFile; fileRef = FAC1979E1DB2CC43004C4C71 /* Assets.xcassets */; };
		FAC197A21DB2CC43004C4C71 /* LaunchScreen.storyboard in Resources */ = {isa = PBXBuildFile; fileRef = FAC197A01DB2CC43004C4C71 /* LaunchScreen.storyboard */; };
		FAC197AD1DB2CC43004C4C71 /* EuphoriaTests.swift in Sources */ = {isa = PBXBuildFile; fileRef = FAC197AC1DB2CC43004C4C71 /* EuphoriaTests.swift */; };
		FAC197B81DB2CC43004C4C71 /* EuphoriaUITests.swift in Sources */ = {isa = PBXBuildFile; fileRef = FAC197B71DB2CC43004C4C71 /* EuphoriaUITests.swift */; };
		FAC197D11DB4161E004C4C71 /* MapCollectionViewCell.swift in Sources */ = {isa = PBXBuildFile; fileRef = FAC197D01DB4161E004C4C71 /* MapCollectionViewCell.swift */; };
		FAC197D61DB4218C004C4C71 /* Configuration.swift in Sources */ = {isa = PBXBuildFile; fileRef = FAC197D41DB4218C004C4C71 /* Configuration.swift */; };
		FAC197D71DB4218C004C4C71 /* Constants.swift in Sources */ = {isa = PBXBuildFile; fileRef = FAC197D51DB4218C004C4C71 /* Constants.swift */; };
		FAC197D91DB422A0004C4C71 /* EmumsAndDefs.swift in Sources */ = {isa = PBXBuildFile; fileRef = FAC197D81DB422A0004C4C71 /* EmumsAndDefs.swift */; };
		FAC197DB1DB422B4004C4C71 /* Configuration.plist in Resources */ = {isa = PBXBuildFile; fileRef = FAC197DA1DB422B4004C4C71 /* Configuration.plist */; };
/* End PBXBuildFile section */

/* Begin PBXContainerItemProxy section */
		FAC197A91DB2CC43004C4C71 /* PBXContainerItemProxy */ = {
			isa = PBXContainerItemProxy;
			containerPortal = FAC1978A1DB2CC43004C4C71 /* Project object */;
			proxyType = 1;
			remoteGlobalIDString = FAC197911DB2CC43004C4C71;
			remoteInfo = Euphoria;
		};
		FAC197B41DB2CC43004C4C71 /* PBXContainerItemProxy */ = {
			isa = PBXContainerItemProxy;
			containerPortal = FAC1978A1DB2CC43004C4C71 /* Project object */;
			proxyType = 1;
			remoteGlobalIDString = FAC197911DB2CC43004C4C71;
			remoteInfo = Euphoria;
		};
/* End PBXContainerItemProxy section */

/* Begin PBXFileReference section */
		004440856213C20F73224E13 /* Pods-EuphoriaUITests.release.xcconfig */ = {isa = PBXFileReference; includeInIndex = 1; lastKnownFileType = text.xcconfig; name = "Pods-EuphoriaUITests.release.xcconfig"; path = "Pods/Target Support Files/Pods-EuphoriaUITests/Pods-EuphoriaUITests.release.xcconfig"; sourceTree = "<group>"; };
		2CF8CB0BE6D3CCD732F79FFC /* Pods-EuphoriaTests.debug.xcconfig */ = {isa = PBXFileReference; includeInIndex = 1; lastKnownFileType = text.xcconfig; name = "Pods-EuphoriaTests.debug.xcconfig"; path = "Pods/Target Support Files/Pods-EuphoriaTests/Pods-EuphoriaTests.debug.xcconfig"; sourceTree = "<group>"; };
		37E50506416EA83DF2AA0CD3 /* Pods_EuphoriaTests.framework */ = {isa = PBXFileReference; explicitFileType = wrapper.framework; includeInIndex = 0; path = Pods_EuphoriaTests.framework; sourceTree = BUILT_PRODUCTS_DIR; };
		4A34EE5241ED164BC94F6B66 /* Pods-EuphoriaUITests.debug.xcconfig */ = {isa = PBXFileReference; includeInIndex = 1; lastKnownFileType = text.xcconfig; name = "Pods-EuphoriaUITests.debug.xcconfig"; path = "Pods/Target Support Files/Pods-EuphoriaUITests/Pods-EuphoriaUITests.debug.xcconfig"; sourceTree = "<group>"; };
		4CE595E281505791B2CBA2FE /* Pods_EuphoriaUITests.framework */ = {isa = PBXFileReference; explicitFileType = wrapper.framework; includeInIndex = 0; path = Pods_EuphoriaUITests.framework; sourceTree = BUILT_PRODUCTS_DIR; };
		6705194183A8850898482663 /* Pods-EuphoriaTests.release.xcconfig */ = {isa = PBXFileReference; includeInIndex = 1; lastKnownFileType = text.xcconfig; name = "Pods-EuphoriaTests.release.xcconfig"; path = "Pods/Target Support Files/Pods-EuphoriaTests/Pods-EuphoriaTests.release.xcconfig"; sourceTree = "<group>"; };
		9AA23F0183ABF9ACD99F35AF /* Pods-Euphoria.debug.xcconfig */ = {isa = PBXFileReference; includeInIndex = 1; lastKnownFileType = text.xcconfig; name = "Pods-Euphoria.debug.xcconfig"; path = "Pods/Target Support Files/Pods-Euphoria/Pods-Euphoria.debug.xcconfig"; sourceTree = "<group>"; };
		A123E2C687A4DC1C22930FED /* Pods_Euphoria.framework */ = {isa = PBXFileReference; explicitFileType = wrapper.framework; includeInIndex = 0; path = Pods_Euphoria.framework; sourceTree = BUILT_PRODUCTS_DIR; };
		ADDB5530380BFCA75E0935F2 /* Pods-Euphoria.release.xcconfig */ = {isa = PBXFileReference; includeInIndex = 1; lastKnownFileType = text.xcconfig; name = "Pods-Euphoria.release.xcconfig"; path = "Pods/Target Support Files/Pods-Euphoria/Pods-Euphoria.release.xcconfig"; sourceTree = "<group>"; };
		FAC197921DB2CC43004C4C71 /* Euphoria.app */ = {isa = PBXFileReference; explicitFileType = wrapper.application; includeInIndex = 0; path = Euphoria.app; sourceTree = BUILT_PRODUCTS_DIR; };
		FAC197951DB2CC43004C4C71 /* AppDelegate.swift */ = {isa = PBXFileReference; lastKnownFileType = sourcecode.swift; path = AppDelegate.swift; sourceTree = "<group>"; };
		FAC197971DB2CC43004C4C71 /* FirstViewController.swift */ = {isa = PBXFileReference; lastKnownFileType = sourcecode.swift; path = FirstViewController.swift; sourceTree = "<group>"; };
		FAC197991DB2CC43004C4C71 /* SecondViewController.swift */ = {isa = PBXFileReference; lastKnownFileType = sourcecode.swift; path = SecondViewController.swift; sourceTree = "<group>"; };
		FAC1979C1DB2CC43004C4C71 /* Base */ = {isa = PBXFileReference; lastKnownFileType = file.storyboard; name = Base; path = Base.lproj/Main.storyboard; sourceTree = "<group>"; };
		FAC1979E1DB2CC43004C4C71 /* Assets.xcassets */ = {isa = PBXFileReference; lastKnownFileType = folder.assetcatalog; path = Assets.xcassets; sourceTree = "<group>"; };
		FAC197A11DB2CC43004C4C71 /* Base */ = {isa = PBXFileReference; lastKnownFileType = file.storyboard; name = Base; path = Base.lproj/LaunchScreen.storyboard; sourceTree = "<group>"; };
		FAC197A31DB2CC43004C4C71 /* Info.plist */ = {isa = PBXFileReference; lastKnownFileType = text.plist.xml; path = Info.plist; sourceTree = "<group>"; };
		FAC197A81DB2CC43004C4C71 /* EuphoriaTests.xctest */ = {isa = PBXFileReference; explicitFileType = wrapper.cfbundle; includeInIndex = 0; path = EuphoriaTests.xctest; sourceTree = BUILT_PRODUCTS_DIR; };
		FAC197AC1DB2CC43004C4C71 /* EuphoriaTests.swift */ = {isa = PBXFileReference; lastKnownFileType = sourcecode.swift; path = EuphoriaTests.swift; sourceTree = "<group>"; };
		FAC197AE1DB2CC43004C4C71 /* Info.plist */ = {isa = PBXFileReference; lastKnownFileType = text.plist.xml; path = Info.plist; sourceTree = "<group>"; };
		FAC197B31DB2CC43004C4C71 /* EuphoriaUITests.xctest */ = {isa = PBXFileReference; explicitFileType = wrapper.cfbundle; includeInIndex = 0; path = EuphoriaUITests.xctest; sourceTree = BUILT_PRODUCTS_DIR; };
		FAC197B71DB2CC43004C4C71 /* EuphoriaUITests.swift */ = {isa = PBXFileReference; lastKnownFileType = sourcecode.swift; path = EuphoriaUITests.swift; sourceTree = "<group>"; };
		FAC197B91DB2CC43004C4C71 /* Info.plist */ = {isa = PBXFileReference; lastKnownFileType = text.plist.xml; path = Info.plist; sourceTree = "<group>"; };
		FAC197D01DB4161E004C4C71 /* MapCollectionViewCell.swift */ = {isa = PBXFileReference; fileEncoding = 4; lastKnownFileType = sourcecode.swift; path = MapCollectionViewCell.swift; sourceTree = "<group>"; };
		FAC197D41DB4218C004C4C71 /* Configuration.swift */ = {isa = PBXFileReference; fileEncoding = 4; lastKnownFileType = sourcecode.swift; path = Configuration.swift; sourceTree = "<group>"; };
		FAC197D51DB4218C004C4C71 /* Constants.swift */ = {isa = PBXFileReference; fileEncoding = 4; lastKnownFileType = sourcecode.swift; path = Constants.swift; sourceTree = "<group>"; };
		FAC197D81DB422A0004C4C71 /* EmumsAndDefs.swift */ = {isa = PBXFileReference; fileEncoding = 4; lastKnownFileType = sourcecode.swift; path = EmumsAndDefs.swift; sourceTree = "<group>"; };
		FAC197DA1DB422B4004C4C71 /* Configuration.plist */ = {isa = PBXFileReference; fileEncoding = 4; lastKnownFileType = text.plist.xml; path = Configuration.plist; sourceTree = "<group>"; };
/* End PBXFileReference section */

/* Begin PBXFrameworksBuildPhase section */
		FAC1978F1DB2CC43004C4C71 /* Frameworks */ = {
			isa = PBXFrameworksBuildPhase;
			buildActionMask = 2147483647;
			files = (
				37F67520BEA7AA04C824356F /* Pods_Euphoria.framework in Frameworks */,
			);
			runOnlyForDeploymentPostprocessing = 0;
		};
		FAC197A51DB2CC43004C4C71 /* Frameworks */ = {
			isa = PBXFrameworksBuildPhase;
			buildActionMask = 2147483647;
			files = (
				6D7F82F3CC0B80F47BABC954 /* Pods_EuphoriaTests.framework in Frameworks */,
			);
			runOnlyForDeploymentPostprocessing = 0;
		};
		FAC197B01DB2CC43004C4C71 /* Frameworks */ = {
			isa = PBXFrameworksBuildPhase;
			buildActionMask = 2147483647;
			files = (
				EB7B94570469DFA2FDE032A8 /* Pods_EuphoriaUITests.framework in Frameworks */,
			);
			runOnlyForDeploymentPostprocessing = 0;
		};
/* End PBXFrameworksBuildPhase section */

/* Begin PBXGroup section */
		27B4357061B847874BB473A8 /* Pods */ = {
			isa = PBXGroup;
			children = (
				9AA23F0183ABF9ACD99F35AF /* Pods-Euphoria.debug.xcconfig */,
				ADDB5530380BFCA75E0935F2 /* Pods-Euphoria.release.xcconfig */,
				2CF8CB0BE6D3CCD732F79FFC /* Pods-EuphoriaTests.debug.xcconfig */,
				6705194183A8850898482663 /* Pods-EuphoriaTests.release.xcconfig */,
				4A34EE5241ED164BC94F6B66 /* Pods-EuphoriaUITests.debug.xcconfig */,
				004440856213C20F73224E13 /* Pods-EuphoriaUITests.release.xcconfig */,
			);
			name = Pods;
			sourceTree = "<group>";
		};
		ED01361B0FBC123E0CBFDB16 /* Frameworks */ = {
			isa = PBXGroup;
			children = (
				A123E2C687A4DC1C22930FED /* Pods_Euphoria.framework */,
				37E50506416EA83DF2AA0CD3 /* Pods_EuphoriaTests.framework */,
				4CE595E281505791B2CBA2FE /* Pods_EuphoriaUITests.framework */,
			);
			name = Frameworks;
			sourceTree = "<group>";
		};
		FAC197891DB2CC43004C4C71 = {
			isa = PBXGroup;
			children = (
				FAC197941DB2CC43004C4C71 /* Euphoria */,
				FAC197AB1DB2CC43004C4C71 /* EuphoriaTests */,
				FAC197B61DB2CC43004C4C71 /* EuphoriaUITests */,
				FAC197931DB2CC43004C4C71 /* Products */,
				27B4357061B847874BB473A8 /* Pods */,
				ED01361B0FBC123E0CBFDB16 /* Frameworks */,
			);
			sourceTree = "<group>";
		};
		FAC197931DB2CC43004C4C71 /* Products */ = {
			isa = PBXGroup;
			children = (
				FAC197921DB2CC43004C4C71 /* Euphoria.app */,
				FAC197A81DB2CC43004C4C71 /* EuphoriaTests.xctest */,
				FAC197B31DB2CC43004C4C71 /* EuphoriaUITests.xctest */,
			);
			name = Products;
			sourceTree = "<group>";
		};
		FAC197941DB2CC43004C4C71 /* Euphoria */ = {
			isa = PBXGroup;
			children = (
				FAC197D21DB4218C004C4C71 /* Commom */,
				FAC197C51DB4145F004C4C71 /* Modules */,
				FAC197951DB2CC43004C4C71 /* AppDelegate.swift */,
				FAC197971DB2CC43004C4C71 /* FirstViewController.swift */,
				FAC197991DB2CC43004C4C71 /* SecondViewController.swift */,
				FAC1979B1DB2CC43004C4C71 /* Main.storyboard */,
				FAC1979E1DB2CC43004C4C71 /* Assets.xcassets */,
				FAC197A01DB2CC43004C4C71 /* LaunchScreen.storyboard */,
				FAC197A31DB2CC43004C4C71 /* Info.plist */,
				FAC197DA1DB422B4004C4C71 /* Configuration.plist */,
			);
			path = Euphoria;
			sourceTree = "<group>";
		};
		FAC197AB1DB2CC43004C4C71 /* EuphoriaTests */ = {
			isa = PBXGroup;
			children = (
				FAC197AC1DB2CC43004C4C71 /* EuphoriaTests.swift */,
				FAC197AE1DB2CC43004C4C71 /* Info.plist */,
			);
			path = EuphoriaTests;
			sourceTree = "<group>";
		};
		FAC197B61DB2CC43004C4C71 /* EuphoriaUITests */ = {
			isa = PBXGroup;
			children = (
				FAC197B71DB2CC43004C4C71 /* EuphoriaUITests.swift */,
				FAC197B91DB2CC43004C4C71 /* Info.plist */,
			);
			path = EuphoriaUITests;
			sourceTree = "<group>";
		};
		FAC197C51DB4145F004C4C71 /* Modules */ = {
			isa = PBXGroup;
			children = (
				FAC197C61DB4145F004C4C71 /* MotelList */,
			);
			path = Modules;
			sourceTree = "<group>";
		};
		FAC197C61DB4145F004C4C71 /* MotelList */ = {
			isa = PBXGroup;
			children = (
				FAC197C71DB4145F004C4C71 /* Application Login */,
				FAC197C91DB4145F004C4C71 /* Module Interface */,
				FAC197CA1DB4145F004C4C71 /* User Interface */,
			);
			path = MotelList;
			sourceTree = "<group>";
		};
		FAC197C71DB4145F004C4C71 /* Application Login */ = {
			isa = PBXGroup;
			children = (
				FAC197C81DB4145F004C4C71 /* view */,
			);
			path = "Application Login";
			sourceTree = "<group>";
		};
		FAC197C81DB4145F004C4C71 /* view */ = {
			isa = PBXGroup;
			children = (
			);
			path = view;
			sourceTree = "<group>";
		};
		FAC197C91DB4145F004C4C71 /* Module Interface */ = {
			isa = PBXGroup;
			children = (
			);
			path = "Module Interface";
			sourceTree = "<group>";
		};
		FAC197CA1DB4145F004C4C71 /* User Interface */ = {
			isa = PBXGroup;
			children = (
				FAC197CB1DB4145F004C4C71 /* Presenter */,
				FAC197CC1DB4145F004C4C71 /* View */,
				FAC197CD1DB4145F004C4C71 /* Wireframe */,
			);
			path = "User Interface";
			sourceTree = "<group>";
		};
		FAC197CB1DB4145F004C4C71 /* Presenter */ = {
			isa = PBXGroup;
			children = (
			);
			path = Presenter;
			sourceTree = "<group>";
		};
		FAC197CC1DB4145F004C4C71 /* View */ = {
			isa = PBXGroup;
			children = (
				FAC197D01DB4161E004C4C71 /* MapCollectionViewCell.swift */,
			);
			path = View;
			sourceTree = "<group>";
		};
		FAC197CD1DB4145F004C4C71 /* Wireframe */ = {
			isa = PBXGroup;
			children = (
			);
			path = Wireframe;
			sourceTree = "<group>";
		};
		FAC197D21DB4218C004C4C71 /* Commom */ = {
			isa = PBXGroup;
			children = (
				FAC197D81DB422A0004C4C71 /* EmumsAndDefs.swift */,
				FAC197D31DB4218C004C4C71 /* Config */,
				FAC197D51DB4218C004C4C71 /* Constants.swift */,
			);
			path = Commom;
			sourceTree = "<group>";
		};
		FAC197D31DB4218C004C4C71 /* Config */ = {
			isa = PBXGroup;
			children = (
				FAC197D41DB4218C004C4C71 /* Configuration.swift */,
			);
			path = Config;
			sourceTree = "<group>";
		};
/* End PBXGroup section */

/* Begin PBXNativeTarget section */
		FAC197911DB2CC43004C4C71 /* Euphoria */ = {
			isa = PBXNativeTarget;
			buildConfigurationList = FAC197BC1DB2CC43004C4C71 /* Build configuration list for PBXNativeTarget "Euphoria" */;
			buildPhases = (
				3C0E8A39209439EC3C311D2D /* [CP] Check Pods Manifest.lock */,
				FAC1978E1DB2CC43004C4C71 /* Sources */,
				FAC1978F1DB2CC43004C4C71 /* Frameworks */,
				FAC197901DB2CC43004C4C71 /* Resources */,
				89A5CD0727D7A6A6AC9A1B4A /* [CP] Embed Pods Frameworks */,
				D648F00126010C84C4333EE6 /* [CP] Copy Pods Resources */,
			);
			buildRules = (
			);
			dependencies = (
			);
			name = Euphoria;
			productName = Euphoria;
			productReference = FAC197921DB2CC43004C4C71 /* Euphoria.app */;
			productType = "com.apple.product-type.application";
		};
		FAC197A71DB2CC43004C4C71 /* EuphoriaTests */ = {
			isa = PBXNativeTarget;
			buildConfigurationList = FAC197BF1DB2CC43004C4C71 /* Build configuration list for PBXNativeTarget "EuphoriaTests" */;
			buildPhases = (
				F45FEAA472C247966163879C /* [CP] Check Pods Manifest.lock */,
				FAC197A41DB2CC43004C4C71 /* Sources */,
				FAC197A51DB2CC43004C4C71 /* Frameworks */,
				FAC197A61DB2CC43004C4C71 /* Resources */,
				747B9D7EED55510DC02EA004 /* [CP] Embed Pods Frameworks */,
				5E40A633A9A63D9F5B2B6AE6 /* [CP] Copy Pods Resources */,
			);
			buildRules = (
			);
			dependencies = (
				FAC197AA1DB2CC43004C4C71 /* PBXTargetDependency */,
			);
			name = EuphoriaTests;
			productName = EuphoriaTests;
			productReference = FAC197A81DB2CC43004C4C71 /* EuphoriaTests.xctest */;
			productType = "com.apple.product-type.bundle.unit-test";
		};
		FAC197B21DB2CC43004C4C71 /* EuphoriaUITests */ = {
			isa = PBXNativeTarget;
			buildConfigurationList = FAC197C21DB2CC43004C4C71 /* Build configuration list for PBXNativeTarget "EuphoriaUITests" */;
			buildPhases = (
				A29B34F6D400CB4C98AE95E9 /* [CP] Check Pods Manifest.lock */,
				FAC197AF1DB2CC43004C4C71 /* Sources */,
				FAC197B01DB2CC43004C4C71 /* Frameworks */,
				FAC197B11DB2CC43004C4C71 /* Resources */,
				3D4181BE6150D90BBA7079F0 /* [CP] Embed Pods Frameworks */,
				D71C502F6038F7C2AE73641C /* [CP] Copy Pods Resources */,
			);
			buildRules = (
			);
			dependencies = (
				FAC197B51DB2CC43004C4C71 /* PBXTargetDependency */,
			);
			name = EuphoriaUITests;
			productName = EuphoriaUITests;
			productReference = FAC197B31DB2CC43004C4C71 /* EuphoriaUITests.xctest */;
			productType = "com.apple.product-type.bundle.ui-testing";
		};
/* End PBXNativeTarget section */

/* Begin PBXProject section */
		FAC1978A1DB2CC43004C4C71 /* Project object */ = {
			isa = PBXProject;
			attributes = {
				LastSwiftUpdateCheck = 0800;
				LastUpgradeCheck = 0800;
				ORGANIZATIONNAME = "John Torres ";
				TargetAttributes = {
					FAC197911DB2CC43004C4C71 = {
						CreatedOnToolsVersion = 8.0;
						ProvisioningStyle = Automatic;
					};
					FAC197A71DB2CC43004C4C71 = {
						CreatedOnToolsVersion = 8.0;
						ProvisioningStyle = Automatic;
						TestTargetID = FAC197911DB2CC43004C4C71;
					};
					FAC197B21DB2CC43004C4C71 = {
						CreatedOnToolsVersion = 8.0;
						ProvisioningStyle = Automatic;
						TestTargetID = FAC197911DB2CC43004C4C71;
					};
				};
			};
			buildConfigurationList = FAC1978D1DB2CC43004C4C71 /* Build configuration list for PBXProject "Euphoria" */;
			compatibilityVersion = "Xcode 3.2";
			developmentRegion = English;
			hasScannedForEncodings = 0;
			knownRegions = (
				en,
				Base,
			);
			mainGroup = FAC197891DB2CC43004C4C71;
			productRefGroup = FAC197931DB2CC43004C4C71 /* Products */;
			projectDirPath = "";
			projectRoot = "";
			targets = (
				FAC197911DB2CC43004C4C71 /* Euphoria */,
				FAC197A71DB2CC43004C4C71 /* EuphoriaTests */,
				FAC197B21DB2CC43004C4C71 /* EuphoriaUITests */,
			);
		};
/* End PBXProject section */

/* Begin PBXResourcesBuildPhase section */
		FAC197901DB2CC43004C4C71 /* Resources */ = {
			isa = PBXResourcesBuildPhase;
			buildActionMask = 2147483647;
			files = (
				FAC197A21DB2CC43004C4C71 /* LaunchScreen.storyboard in Resources */,
				FAC197DB1DB422B4004C4C71 /* Configuration.plist in Resources */,
				FAC1979F1DB2CC43004C4C71 /* Assets.xcassets in Resources */,
				FAC1979D1DB2CC43004C4C71 /* Main.storyboard in Resources */,
			);
			runOnlyForDeploymentPostprocessing = 0;
		};
		FAC197A61DB2CC43004C4C71 /* Resources */ = {
			isa = PBXResourcesBuildPhase;
			buildActionMask = 2147483647;
			files = (
			);
			runOnlyForDeploymentPostprocessing = 0;
		};
		FAC197B11DB2CC43004C4C71 /* Resources */ = {
			isa = PBXResourcesBuildPhase;
			buildActionMask = 2147483647;
			files = (
			);
			runOnlyForDeploymentPostprocessing = 0;
		};
/* End PBXResourcesBuildPhase section */

/* Begin PBXShellScriptBuildPhase section */
		3C0E8A39209439EC3C311D2D /* [CP] Check Pods Manifest.lock */ = {
			isa = PBXShellScriptBuildPhase;
			buildActionMask = 2147483647;
			files = (
			);
			inputPaths = (
			);
			name = "[CP] Check Pods Manifest.lock";
			outputPaths = (
			);
			runOnlyForDeploymentPostprocessing = 0;
			shellPath = /bin/sh;
			shellScript = "diff \"${PODS_ROOT}/../Podfile.lock\" \"${PODS_ROOT}/Manifest.lock\" > /dev/null\nif [ $? != 0 ] ; then\n    # print error to STDERR\n    echo \"error: The sandbox is not in sync with the Podfile.lock. Run 'pod install' or update your CocoaPods installation.\" >&2\n    exit 1\nfi\n";
			showEnvVarsInLog = 0;
		};
		3D4181BE6150D90BBA7079F0 /* [CP] Embed Pods Frameworks */ = {
			isa = PBXShellScriptBuildPhase;
			buildActionMask = 2147483647;
			files = (
			);
			inputPaths = (
			);
			name = "[CP] Embed Pods Frameworks";
			outputPaths = (
			);
			runOnlyForDeploymentPostprocessing = 0;
			shellPath = /bin/sh;
			shellScript = "\"${SRCROOT}/Pods/Target Support Files/Pods-EuphoriaUITests/Pods-EuphoriaUITests-frameworks.sh\"\n";
			showEnvVarsInLog = 0;
		};
		5E40A633A9A63D9F5B2B6AE6 /* [CP] Copy Pods Resources */ = {
			isa = PBXShellScriptBuildPhase;
			buildActionMask = 2147483647;
			files = (
			);
			inputPaths = (
			);
			name = "[CP] Copy Pods Resources";
			outputPaths = (
			);
			runOnlyForDeploymentPostprocessing = 0;
			shellPath = /bin/sh;
			shellScript = "\"${SRCROOT}/Pods/Target Support Files/Pods-EuphoriaTests/Pods-EuphoriaTests-resources.sh\"\n";
			showEnvVarsInLog = 0;
		};
		747B9D7EED55510DC02EA004 /* [CP] Embed Pods Frameworks */ = {
			isa = PBXShellScriptBuildPhase;
			buildActionMask = 2147483647;
			files = (
			);
			inputPaths = (
			);
			name = "[CP] Embed Pods Frameworks";
			outputPaths = (
			);
			runOnlyForDeploymentPostprocessing = 0;
			shellPath = /bin/sh;
			shellScript = "\"${SRCROOT}/Pods/Target Support Files/Pods-EuphoriaTests/Pods-EuphoriaTests-frameworks.sh\"\n";
			showEnvVarsInLog = 0;
		};
		89A5CD0727D7A6A6AC9A1B4A /* [CP] Embed Pods Frameworks */ = {
			isa = PBXShellScriptBuildPhase;
			buildActionMask = 2147483647;
			files = (
			);
			inputPaths = (
			);
			name = "[CP] Embed Pods Frameworks";
			outputPaths = (
			);
			runOnlyForDeploymentPostprocessing = 0;
			shellPath = /bin/sh;
			shellScript = "\"${SRCROOT}/Pods/Target Support Files/Pods-Euphoria/Pods-Euphoria-frameworks.sh\"\n";
			showEnvVarsInLog = 0;
		};
		A29B34F6D400CB4C98AE95E9 /* [CP] Check Pods Manifest.lock */ = {
			isa = PBXShellScriptBuildPhase;
			buildActionMask = 2147483647;
			files = (
			);
			inputPaths = (
			);
			name = "[CP] Check Pods Manifest.lock";
			outputPaths = (
			);
			runOnlyForDeploymentPostprocessing = 0;
			shellPath = /bin/sh;
			shellScript = "diff \"${PODS_ROOT}/../Podfile.lock\" \"${PODS_ROOT}/Manifest.lock\" > /dev/null\nif [ $? != 0 ] ; then\n    # print error to STDERR\n    echo \"error: The sandbox is not in sync with the Podfile.lock. Run 'pod install' or update your CocoaPods installation.\" >&2\n    exit 1\nfi\n";
			showEnvVarsInLog = 0;
		};
		D648F00126010C84C4333EE6 /* [CP] Copy Pods Resources */ = {
			isa = PBXShellScriptBuildPhase;
			buildActionMask = 2147483647;
			files = (
			);
			inputPaths = (
			);
			name = "[CP] Copy Pods Resources";
			outputPaths = (
			);
			runOnlyForDeploymentPostprocessing = 0;
			shellPath = /bin/sh;
			shellScript = "\"${SRCROOT}/Pods/Target Support Files/Pods-Euphoria/Pods-Euphoria-resources.sh\"\n";
			showEnvVarsInLog = 0;
		};
		D71C502F6038F7C2AE73641C /* [CP] Copy Pods Resources */ = {
			isa = PBXShellScriptBuildPhase;
			buildActionMask = 2147483647;
			files = (
			);
			inputPaths = (
			);
			name = "[CP] Copy Pods Resources";
			outputPaths = (
			);
			runOnlyForDeploymentPostprocessing = 0;
			shellPath = /bin/sh;
			shellScript = "\"${SRCROOT}/Pods/Target Support Files/Pods-EuphoriaUITests/Pods-EuphoriaUITests-resources.sh\"\n";
			showEnvVarsInLog = 0;
		};
		F45FEAA472C247966163879C /* [CP] Check Pods Manifest.lock */ = {
			isa = PBXShellScriptBuildPhase;
			buildActionMask = 2147483647;
			files = (
			);
			inputPaths = (
			);
			name = "[CP] Check Pods Manifest.lock";
			outputPaths = (
			);
			runOnlyForDeploymentPostprocessing = 0;
			shellPath = /bin/sh;
			shellScript = "diff \"${PODS_ROOT}/../Podfile.lock\" \"${PODS_ROOT}/Manifest.lock\" > /dev/null\nif [ $? != 0 ] ; then\n    # print error to STDERR\n    echo \"error: The sandbox is not in sync with the Podfile.lock. Run 'pod install' or update your CocoaPods installation.\" >&2\n    exit 1\nfi\n";
			showEnvVarsInLog = 0;
		};
/* End PBXShellScriptBuildPhase section */

/* Begin PBXSourcesBuildPhase section */
		FAC1978E1DB2CC43004C4C71 /* Sources */ = {
			isa = PBXSourcesBuildPhase;
			buildActionMask = 2147483647;
			files = (
				FAC197D61DB4218C004C4C71 /* Configuration.swift in Sources */,
				FAC197D91DB422A0004C4C71 /* EmumsAndDefs.swift in Sources */,
				FAC197D11DB4161E004C4C71 /* MapCollectionViewCell.swift in Sources */,
				FAC1979A1DB2CC43004C4C71 /* SecondViewController.swift in Sources */,
				FAC197D71DB4218C004C4C71 /* Constants.swift in Sources */,
				FAC197961DB2CC43004C4C71 /* AppDelegate.swift in Sources */,
				FAC197981DB2CC43004C4C71 /* FirstViewController.swift in Sources */,
			);
			runOnlyForDeploymentPostprocessing = 0;
		};
		FAC197A41DB2CC43004C4C71 /* Sources */ = {
			isa = PBXSourcesBuildPhase;
			buildActionMask = 2147483647;
			files = (
				FAC197AD1DB2CC43004C4C71 /* EuphoriaTests.swift in Sources */,
			);
			runOnlyForDeploymentPostprocessing = 0;
		};
		FAC197AF1DB2CC43004C4C71 /* Sources */ = {
			isa = PBXSourcesBuildPhase;
			buildActionMask = 2147483647;
			files = (
				FAC197B81DB2CC43004C4C71 /* EuphoriaUITests.swift in Sources */,
			);
			runOnlyForDeploymentPostprocessing = 0;
		};
/* End PBXSourcesBuildPhase section */

/* Begin PBXTargetDependency section */
		FAC197AA1DB2CC43004C4C71 /* PBXTargetDependency */ = {
			isa = PBXTargetDependency;
			target = FAC197911DB2CC43004C4C71 /* Euphoria */;
			targetProxy = FAC197A91DB2CC43004C4C71 /* PBXContainerItemProxy */;
		};
		FAC197B51DB2CC43004C4C71 /* PBXTargetDependency */ = {
			isa = PBXTargetDependency;
			target = FAC197911DB2CC43004C4C71 /* Euphoria */;
			targetProxy = FAC197B41DB2CC43004C4C71 /* PBXContainerItemProxy */;
		};
/* End PBXTargetDependency section */

/* Begin PBXVariantGroup section */
		FAC1979B1DB2CC43004C4C71 /* Main.storyboard */ = {
			isa = PBXVariantGroup;
			children = (
				FAC1979C1DB2CC43004C4C71 /* Base */,
			);
			name = Main.storyboard;
			sourceTree = "<group>";
		};
		FAC197A01DB2CC43004C4C71 /* LaunchScreen.storyboard */ = {
			isa = PBXVariantGroup;
			children = (
				FAC197A11DB2CC43004C4C71 /* Base */,
			);
			name = LaunchScreen.storyboard;
			sourceTree = "<group>";
		};
/* End PBXVariantGroup section */

/* Begin XCBuildConfiguration section */
		FAC197BA1DB2CC43004C4C71 /* Debug */ = {
			isa = XCBuildConfiguration;
			buildSettings = {
				ALWAYS_SEARCH_USER_PATHS = NO;
				CLANG_ANALYZER_NONNULL = YES;
				CLANG_CXX_LANGUAGE_STANDARD = "gnu++0x";
				CLANG_CXX_LIBRARY = "libc++";
				CLANG_ENABLE_MODULES = YES;
				CLANG_ENABLE_OBJC_ARC = YES;
				CLANG_WARN_BOOL_CONVERSION = YES;
				CLANG_WARN_CONSTANT_CONVERSION = YES;
				CLANG_WARN_DIRECT_OBJC_ISA_USAGE = YES_ERROR;
				CLANG_WARN_DOCUMENTATION_COMMENTS = YES;
				CLANG_WARN_EMPTY_BODY = YES;
				CLANG_WARN_ENUM_CONVERSION = YES;
				CLANG_WARN_INFINITE_RECURSION = YES;
				CLANG_WARN_INT_CONVERSION = YES;
				CLANG_WARN_OBJC_ROOT_CLASS = YES_ERROR;
				CLANG_WARN_SUSPICIOUS_MOVES = YES;
				CLANG_WARN_UNREACHABLE_CODE = YES;
				CLANG_WARN__DUPLICATE_METHOD_MATCH = YES;
				"CODE_SIGN_IDENTITY[sdk=iphoneos*]" = "iPhone Developer";
				COPY_PHASE_STRIP = NO;
				DEBUG_INFORMATION_FORMAT = dwarf;
				ENABLE_STRICT_OBJC_MSGSEND = YES;
				ENABLE_TESTABILITY = YES;
				GCC_C_LANGUAGE_STANDARD = gnu99;
				GCC_DYNAMIC_NO_PIC = NO;
				GCC_NO_COMMON_BLOCKS = YES;
				GCC_OPTIMIZATION_LEVEL = 0;
				GCC_PREPROCESSOR_DEFINITIONS = (
					"DEBUG=1",
					"$(inherited)",
				);
				GCC_WARN_64_TO_32_BIT_CONVERSION = YES;
				GCC_WARN_ABOUT_RETURN_TYPE = YES_ERROR;
				GCC_WARN_UNDECLARED_SELECTOR = YES;
				GCC_WARN_UNINITIALIZED_AUTOS = YES_AGGRESSIVE;
				GCC_WARN_UNUSED_FUNCTION = YES;
				GCC_WARN_UNUSED_VARIABLE = YES;
				IPHONEOS_DEPLOYMENT_TARGET = 10.0;
				MTL_ENABLE_DEBUG_INFO = YES;
				ONLY_ACTIVE_ARCH = YES;
				SDKROOT = iphoneos;
				SWIFT_ACTIVE_COMPILATION_CONDITIONS = DEBUG;
				SWIFT_OPTIMIZATION_LEVEL = "-Onone";
			};
			name = Debug;
		};
		FAC197BB1DB2CC43004C4C71 /* Release */ = {
			isa = XCBuildConfiguration;
			buildSettings = {
				ALWAYS_SEARCH_USER_PATHS = NO;
				CLANG_ANALYZER_NONNULL = YES;
				CLANG_CXX_LANGUAGE_STANDARD = "gnu++0x";
				CLANG_CXX_LIBRARY = "libc++";
				CLANG_ENABLE_MODULES = YES;
				CLANG_ENABLE_OBJC_ARC = YES;
				CLANG_WARN_BOOL_CONVERSION = YES;
				CLANG_WARN_CONSTANT_CONVERSION = YES;
				CLANG_WARN_DIRECT_OBJC_ISA_USAGE = YES_ERROR;
				CLANG_WARN_DOCUMENTATION_COMMENTS = YES;
				CLANG_WARN_EMPTY_BODY = YES;
				CLANG_WARN_ENUM_CONVERSION = YES;
				CLANG_WARN_INFINITE_RECURSION = YES;
				CLANG_WARN_INT_CONVERSION = YES;
				CLANG_WARN_OBJC_ROOT_CLASS = YES_ERROR;
				CLANG_WARN_SUSPICIOUS_MOVES = YES;
				CLANG_WARN_UNREACHABLE_CODE = YES;
				CLANG_WARN__DUPLICATE_METHOD_MATCH = YES;
				"CODE_SIGN_IDENTITY[sdk=iphoneos*]" = "iPhone Developer";
				COPY_PHASE_STRIP = NO;
				DEBUG_INFORMATION_FORMAT = "dwarf-with-dsym";
				ENABLE_NS_ASSERTIONS = NO;
				ENABLE_STRICT_OBJC_MSGSEND = YES;
				GCC_C_LANGUAGE_STANDARD = gnu99;
				GCC_NO_COMMON_BLOCKS = YES;
				GCC_WARN_64_TO_32_BIT_CONVERSION = YES;
				GCC_WARN_ABOUT_RETURN_TYPE = YES_ERROR;
				GCC_WARN_UNDECLARED_SELECTOR = YES;
				GCC_WARN_UNINITIALIZED_AUTOS = YES_AGGRESSIVE;
				GCC_WARN_UNUSED_FUNCTION = YES;
				GCC_WARN_UNUSED_VARIABLE = YES;
				IPHONEOS_DEPLOYMENT_TARGET = 10.0;
				MTL_ENABLE_DEBUG_INFO = NO;
				SDKROOT = iphoneos;
				SWIFT_OPTIMIZATION_LEVEL = "-Owholemodule";
				VALIDATE_PRODUCT = YES;
			};
			name = Release;
		};
		FAC197BD1DB2CC43004C4C71 /* Debug */ = {
			isa = XCBuildConfiguration;
			baseConfigurationReference = 9AA23F0183ABF9ACD99F35AF /* Pods-Euphoria.debug.xcconfig */;
			buildSettings = {
				ASSETCATALOG_COMPILER_APPICON_NAME = AppIcon;
				INFOPLIST_FILE = Euphoria/Info.plist;
				LD_RUNPATH_SEARCH_PATHS = "$(inherited) @executable_path/Frameworks";
				PRODUCT_BUNDLE_IDENTIFIER = co.Euphoria.Euphoria;
				PRODUCT_NAME = "$(TARGET_NAME)";
				SWIFT_VERSION = 3.0;
			};
			name = Debug;
		};
		FAC197BE1DB2CC43004C4C71 /* Release */ = {
			isa = XCBuildConfiguration;
			baseConfigurationReference = ADDB5530380BFCA75E0935F2 /* Pods-Euphoria.release.xcconfig */;
			buildSettings = {
				ASSETCATALOG_COMPILER_APPICON_NAME = AppIcon;
				INFOPLIST_FILE = Euphoria/Info.plist;
				LD_RUNPATH_SEARCH_PATHS = "$(inherited) @executable_path/Frameworks";
				PRODUCT_BUNDLE_IDENTIFIER = co.Euphoria.Euphoria;
				PRODUCT_NAME = "$(TARGET_NAME)";
				SWIFT_VERSION = 3.0;
			};
			name = Release;
		};
		FAC197C01DB2CC43004C4C71 /* Debug */ = {
			isa = XCBuildConfiguration;
			baseConfigurationReference = 2CF8CB0BE6D3CCD732F79FFC /* Pods-EuphoriaTests.debug.xcconfig */;
			buildSettings = {
				ALWAYS_EMBED_SWIFT_STANDARD_LIBRARIES = YES;
				BUNDLE_LOADER = "$(TEST_HOST)";
				INFOPLIST_FILE = EuphoriaTests/Info.plist;
				LD_RUNPATH_SEARCH_PATHS = "$(inherited) @executable_path/Frameworks @loader_path/Frameworks";
				PRODUCT_BUNDLE_IDENTIFIER = co.Euphoria.EuphoriaTests;
				PRODUCT_NAME = "$(TARGET_NAME)";
				SWIFT_VERSION = 3.0;
				TEST_HOST = "$(BUILT_PRODUCTS_DIR)/Euphoria.app/Euphoria";
			};
			name = Debug;
		};
		FAC197C11DB2CC43004C4C71 /* Release */ = {
			isa = XCBuildConfiguration;
			baseConfigurationReference = 6705194183A8850898482663 /* Pods-EuphoriaTests.release.xcconfig */;
			buildSettings = {
				ALWAYS_EMBED_SWIFT_STANDARD_LIBRARIES = YES;
				BUNDLE_LOADER = "$(TEST_HOST)";
				INFOPLIST_FILE = EuphoriaTests/Info.plist;
				LD_RUNPATH_SEARCH_PATHS = "$(inherited) @executable_path/Frameworks @loader_path/Frameworks";
				PRODUCT_BUNDLE_IDENTIFIER = co.Euphoria.EuphoriaTests;
				PRODUCT_NAME = "$(TARGET_NAME)";
				SWIFT_VERSION = 3.0;
				TEST_HOST = "$(BUILT_PRODUCTS_DIR)/Euphoria.app/Euphoria";
			};
			name = Release;
		};
		FAC197C31DB2CC43004C4C71 /* Debug */ = {
			isa = XCBuildConfiguration;
			baseConfigurationReference = 4A34EE5241ED164BC94F6B66 /* Pods-EuphoriaUITests.debug.xcconfig */;
			buildSettings = {
				ALWAYS_EMBED_SWIFT_STANDARD_LIBRARIES = YES;
				INFOPLIST_FILE = EuphoriaUITests/Info.plist;
				LD_RUNPATH_SEARCH_PATHS = "$(inherited) @executable_path/Frameworks @loader_path/Frameworks";
				PRODUCT_BUNDLE_IDENTIFIER = co.Euphoria.EuphoriaUITests;
				PRODUCT_NAME = "$(TARGET_NAME)";
				SWIFT_VERSION = 3.0;
				TEST_TARGET_NAME = Euphoria;
			};
			name = Debug;
		};
		FAC197C41DB2CC43004C4C71 /* Release */ = {
			isa = XCBuildConfiguration;
			baseConfigurationReference = 004440856213C20F73224E13 /* Pods-EuphoriaUITests.release.xcconfig */;
			buildSettings = {
				ALWAYS_EMBED_SWIFT_STANDARD_LIBRARIES = YES;
				INFOPLIST_FILE = EuphoriaUITests/Info.plist;
				LD_RUNPATH_SEARCH_PATHS = "$(inherited) @executable_path/Frameworks @loader_path/Frameworks";
				PRODUCT_BUNDLE_IDENTIFIER = co.Euphoria.EuphoriaUITests;
				PRODUCT_NAME = "$(TARGET_NAME)";
				SWIFT_VERSION = 3.0;
				TEST_TARGET_NAME = Euphoria;
			};
			name = Release;
		};
/* End XCBuildConfiguration section */

/* Begin XCConfigurationList section */
		FAC1978D1DB2CC43004C4C71 /* Build configuration list for PBXProject "Euphoria" */ = {
			isa = XCConfigurationList;
			buildConfigurations = (
				FAC197BA1DB2CC43004C4C71 /* Debug */,
				FAC197BB1DB2CC43004C4C71 /* Release */,
			);
			defaultConfigurationIsVisible = 0;
			defaultConfigurationName = Release;
		};
		FAC197BC1DB2CC43004C4C71 /* Build configuration list for PBXNativeTarget "Euphoria" */ = {
			isa = XCConfigurationList;
			buildConfigurations = (
				FAC197BD1DB2CC43004C4C71 /* Debug */,
				FAC197BE1DB2CC43004C4C71 /* Release */,
			);
			defaultConfigurationIsVisible = 0;
			defaultConfigurationName = Release;
		};
		FAC197BF1DB2CC43004C4C71 /* Build configuration list for PBXNativeTarget "EuphoriaTests" */ = {
			isa = XCConfigurationList;
			buildConfigurations = (
				FAC197C01DB2CC43004C4C71 /* Debug */,
				FAC197C11DB2CC43004C4C71 /* Release */,
			);
			defaultConfigurationIsVisible = 0;
			defaultConfigurationName = Release;
		};
		FAC197C21DB2CC43004C4C71 /* Build configuration list for PBXNativeTarget "EuphoriaUITests" */ = {
			isa = XCConfigurationList;
			buildConfigurations = (
				FAC197C31DB2CC43004C4C71 /* Debug */,
				FAC197C41DB2CC43004C4C71 /* Release */,
			);
			defaultConfigurationIsVisible = 0;
			defaultConfigurationName = Release;
		};
/* End XCConfigurationList section */
	};
	rootObject = FAC1978A1DB2CC43004C4C71 /* Project object */;
}
